<?xml version="1.0" encoding="utf-8"?>
<Project ToolsVersion="4.0" xmlns="http://schemas.microsoft.com/developer/msbuild/2003">
  <ItemGroup>
    <ClInclude Include="geovis.h" />
    <ClInclude Include="updateable.h" />
    <ClInclude Include="__vm\.geovis.vsarduino.h" />
    <ClInclude Include="atmospheric-sensor.h" />
    <ClInclude Include="constants.h" />
    <ClInclude Include="debug-settings.h" />
    <ClInclude Include="geovis-util.h" />
    <ClInclude Include="gps-receiver.h" />
    <ClInclude Include="inertial-measurement-unit.h" />
    <ClInclude Include="initializable.h" />
    <ClInclude Include="logger.h" />
    <ClInclude Include="printouts.h" />
    <ClInclude Include="sensor.h" />
    <ClInclude Include="tinygps-plus.h" />
    <ClInclude Include="radio.h" />
    <ClInclude Include="xbee.h" />
    <ClInclude Include="config.h" />
  </ItemGroup>
  <ItemGroup>
    <ClCompile Include="geovis-util.cpp" />
    <ClCompile Include="atmospheric-sensor.cpp" />
    <ClCompile Include="gps-receiver.cpp" />
    <ClCompile Include="inertial-measurement-unit.cpp" />
    <ClCompile Include="logger.cpp" />
    <ClCompile Include="tinygps-plus.cpp" />
    <ClCompile Include="radio.cpp" />
    <ClCompile Include="xbee.cpp" />
  </ItemGroup>
  <ItemGroup>
    <None Include="geovis.ino" />
  </ItemGroup>
</Project>