<?xml version="1.0" encoding="utf-8"?>
<Project ToolsVersion="4.0" xmlns="http://schemas.microsoft.com/developer/msbuild/2003">
  <ItemGroup>
    <Filter Include="Header Files">
      <UniqueIdentifier>{93995380-89BD-4b04-88EB-625FBE52EBFB}</UniqueIdentifier>
      <Extensions>h;hh;hpp;hxx;hm;inl;inc;xsd</Extensions>
    </Filter>
    <Filter Include="Header Files\Solo Headers">
      <UniqueIdentifier>{b391d031-0023-4cc8-9c8f-228817d0e850}</UniqueIdentifier>
    </Filter>
    <Filter Include="Implementation Files">
      <UniqueIdentifier>{4FC737F1-C7A5-4376-A066-2A32D752A2FF}</UniqueIdentifier>
      <Extensions>cpp;c;cc;cxx;def;odl;idl;hpj;bat;asm;asmx</Extensions>
    </Filter>
  </ItemGroup>
  <ItemGroup>
    <None Include="payload.ino" />
  </ItemGroup>
  <ItemGroup>
    <ClInclude Include="sensor.h">
      <Filter>Header Files</Filter>
    </ClInclude>
    <ClInclude Include="gps.h">
      <Filter>Header Files</Filter>
    </ClInclude>
    <ClInclude Include="novelty-printouts.h">
      <Filter>Header Files\Solo Headers</Filter>
    </ClInclude>
    <ClInclude Include="__vm\.payload.vsarduino.h">
      <Filter>Header Files\Solo Headers</Filter>
    </ClInclude>
    <ClInclude Include="kalman.h">
      <Filter>Header Files\Solo Headers</Filter>
    </ClInclude>
    <ClInclude Include="setup-object.h">
      <Filter>Header Files\Solo Headers</Filter>
    </ClInclude>
    <ClInclude Include="uart.h">
      <Filter>Header Files</Filter>
    </ClInclude>
    <ClInclude Include="payload.h" />
    <ClInclude Include="constants.h">
      <Filter>Header Files\Solo Headers</Filter>
    </ClInclude>
    <ClInclude Include="atmospheric-sensor.h">
      <Filter>Header Files</Filter>
    </ClInclude>
    <ClInclude Include="inertial-measurement-unit.h">
      <Filter>Header Files</Filter>
    </ClInclude>
  </ItemGroup>
  <ItemGroup>
    <ClCompile Include="sensor.cpp">
      <Filter>Implementation Files</Filter>
    </ClCompile>
    <ClCompile Include="gps.cpp">
      <Filter>Implementation Files</Filter>
    </ClCompile>
    <ClCompile Include="uart.cpp">
      <Filter>Implementation Files</Filter>
    </ClCompile>
    <ClCompile Include="atmospheric-sensor.cpp">
      <Filter>Implementation Files</Filter>
    </ClCompile>
    <ClCompile Include="inertial-measurement-unit.cpp">
      <Filter>Implementation Files</Filter>
    </ClCompile>
  </ItemGroup>
</Project>